// !$*UTF8*$!
{
	archiveVersion = 1;
	classes = {
	};
	objectVersion = 50;
	objects = {

/* Begin PBXBuildFile section */
		55F5FBEB21BB2C3200F3AB28 /* AppDelegate.m in Sources */ = {isa = PBXBuildFile; fileRef = 55F5FBEA21BB2C3200F3AB28 /* AppDelegate.m */; };
		55F5FBEE21BB2C3200F3AB28 /* ViewController.m in Sources */ = {isa = PBXBuildFile; fileRef = 55F5FBED21BB2C3200F3AB28 /* ViewController.m */; };
		55F5FBF321BB2C3300F3AB28 /* Assets.xcassets in Resources */ = {isa = PBXBuildFile; fileRef = 55F5FBF221BB2C3300F3AB28 /* Assets.xcassets */; };
		55F5FBF621BB2C3300F3AB28 /* LaunchScreen.storyboard in Resources */ = {isa = PBXBuildFile; fileRef = 55F5FBF421BB2C3300F3AB28 /* LaunchScreen.storyboard */; };
		55F5FBF921BB2C3300F3AB28 /* main.m in Sources */ = {isa = PBXBuildFile; fileRef = 55F5FBF821BB2C3300F3AB28 /* main.m */; };
		91580D682202333500729186 /* ViewController.xib in Resources */ = {isa = PBXBuildFile; fileRef = 91580D672202333500729186 /* ViewController.xib */; };
		91580DA522078EE000729186 /* root.c in Sources */ = {isa = PBXBuildFile; fileRef = 91580DA422078EE000729186 /* root.c */; };
		91580DA92208D68F00729186 /* offsetof.c in Sources */ = {isa = PBXBuildFile; fileRef = 91580DA82208D68F00729186 /* offsetof.c */; };
		91580DAE2208D8B200729186 /* offsets.m in Sources */ = {isa = PBXBuildFile; fileRef = 91580DAD2208D8B200729186 /* offsets.m */; };
		91580DB12208D9AC00729186 /* post-common.m in Sources */ = {isa = PBXBuildFile; fileRef = 91580DB02208D9AC00729186 /* post-common.m */; };
		91580DB42208DA4600729186 /* sandbox.c in Sources */ = {isa = PBXBuildFile; fileRef = 91580DB32208DA4600729186 /* sandbox.c */; };
		91580DB72208DB8300729186 /* postexp.m in Sources */ = {isa = PBXBuildFile; fileRef = 91580DB62208DB8300729186 /* postexp.m */; };
		91580DD22225DE8C00729186 /* amfi_utils.m in Sources */ = {isa = PBXBuildFile; fileRef = 91580DD12225DE8C00729186 /* amfi_utils.m */; };
		91580DDC2226844500729186 /* macho-helper.c in Sources */ = {isa = PBXBuildFile; fileRef = 91580DDB2226844500729186 /* macho-helper.c */; };
		91580DDF222688B800729186 /* lzssdec.cpp in Sources */ = {isa = PBXBuildFile; fileRef = 91580DDE222688B800729186 /* lzssdec.cpp */; };
		91580DE52226C66700729186 /* untar.c in Sources */ = {isa = PBXBuildFile; fileRef = 91580DE42226C66700729186 /* untar.c */; };
		91580DE92226CB9900729186 /* dropbear.v2018.76.tar in Resources */ = {isa = PBXBuildFile; fileRef = 91580DE72226CB8000729186 /* dropbear.v2018.76.tar */; };
		91580DEB2226D2D500729186 /* iosbinpack.tar in Resources */ = {isa = PBXBuildFile; fileRef = 91580DEA2226D2D500729186 /* iosbinpack.tar */; };
		9174869E22286CB3008601C7 /* patchfinder64.c in Sources */ = {isa = PBXBuildFile; fileRef = 9174869C22286CB3008601C7 /* patchfinder64.c */; };
		917486C4222870CB008601C7 /* log.c in Sources */ = {isa = PBXBuildFile; fileRef = 917486A9222870CB008601C7 /* log.c */; };
		917486C5222870CB008601C7 /* parameters.c in Sources */ = {isa = PBXBuildFile; fileRef = 917486AA222870CB008601C7 /* parameters.c */; };
		917486C6222870CB008601C7 /* platform_match.c in Sources */ = {isa = PBXBuildFile; fileRef = 917486AB222870CB008601C7 /* platform_match.c */; };
		917486C7222870CB008601C7 /* kernel_call.c in Sources */ = {isa = PBXBuildFile; fileRef = 917486AC222870CB008601C7 /* kernel_call.c */; };
		917486C8222870CB008601C7 /* user_client.c in Sources */ = {isa = PBXBuildFile; fileRef = 917486AF222870CB008601C7 /* user_client.c */; };
		917486C9222870CB008601C7 /* kc_parameters.c in Sources */ = {isa = PBXBuildFile; fileRef = 917486B0222870CB008601C7 /* kc_parameters.c */; };
		917486CA222870CB008601C7 /* pac.c in Sources */ = {isa = PBXBuildFile; fileRef = 917486B1222870CB008601C7 /* pac.c */; };
		917486CB222870CB008601C7 /* platform.c in Sources */ = {isa = PBXBuildFile; fileRef = 917486B6222870CB008601C7 /* platform.c */; };
		917486CC222870CB008601C7 /* README in Resources */ = {isa = PBXBuildFile; fileRef = 917486B8222870CB008601C7 /* README */; };
		917486CD222870CB008601C7 /* kernel_memory.c in Sources */ = {isa = PBXBuildFile; fileRef = 917486BC222870CB008601C7 /* kernel_memory.c */; };
		917486CE222870CB008601C7 /* voucher_swap.c in Sources */ = {isa = PBXBuildFile; fileRef = 917486BE222870CB008601C7 /* voucher_swap.c */; };
		917486CF222870CB008601C7 /* kernel_alloc.c in Sources */ = {isa = PBXBuildFile; fileRef = 917486BF222870CB008601C7 /* kernel_alloc.c */; };
		917486D0222870CB008601C7 /* kernel_slide.c in Sources */ = {isa = PBXBuildFile; fileRef = 917486C0222870CB008601C7 /* kernel_slide.c */; };
		917486EA222879F3008601C7 /* kexecute.m in Sources */ = {isa = PBXBuildFile; fileRef = 917486D6222879F2008601C7 /* kexecute.m */; };
		917486EB222879F3008601C7 /* offsets.c in Sources */ = {isa = PBXBuildFile; fileRef = 917486D9222879F2008601C7 /* offsets.c */; };
		917486EC222879F3008601C7 /* patchfinder64.c in Sources */ = {isa = PBXBuildFile; fileRef = 917486DA222879F2008601C7 /* patchfinder64.c */; };
		917486ED222879F3008601C7 /* Makefile in Sources */ = {isa = PBXBuildFile; fileRef = 917486DB222879F2008601C7 /* Makefile */; };
		917486EE222879F3008601C7 /* osobject.c in Sources */ = {isa = PBXBuildFile; fileRef = 917486DC222879F2008601C7 /* osobject.c */; };
		917486EF222879F3008601C7 /* offsetof.c in Sources */ = {isa = PBXBuildFile; fileRef = 917486DD222879F2008601C7 /* offsetof.c */; };
		917486F0222879F3008601C7 /* Ent.plist in Resources */ = {isa = PBXBuildFile; fileRef = 917486E1222879F2008601C7 /* Ent.plist */; };
		917486F1222879F3008601C7 /* sandbox.c in Sources */ = {isa = PBXBuildFile; fileRef = 917486E4222879F2008601C7 /* sandbox.c */; };
		917486F2222879F3008601C7 /* kmem.c in Sources */ = {isa = PBXBuildFile; fileRef = 917486E5222879F2008601C7 /* kmem.c */; };
		917486F3222879F3008601C7 /* main.m in Sources */ = {isa = PBXBuildFile; fileRef = 917486E6222879F2008601C7 /* main.m */; };
		917486F4222879F3008601C7 /* kern_utils.m in Sources */ = {isa = PBXBuildFile; fileRef = 917486E9222879F3008601C7 /* kern_utils.m */; };
/* End PBXBuildFile section */

/* Begin PBXFileReference section */
		55F5FBE621BB2C3200F3AB28 /* sefebreak.app */ = {isa = PBXFileReference; explicitFileType = wrapper.application; includeInIndex = 0; path = sefebreak.app; sourceTree = BUILT_PRODUCTS_DIR; };
		55F5FBE921BB2C3200F3AB28 /* AppDelegate.h */ = {isa = PBXFileReference; lastKnownFileType = sourcecode.c.h; path = AppDelegate.h; sourceTree = "<group>"; };
		55F5FBEA21BB2C3200F3AB28 /* AppDelegate.m */ = {isa = PBXFileReference; lastKnownFileType = sourcecode.c.objc; path = AppDelegate.m; sourceTree = "<group>"; };
		55F5FBEC21BB2C3200F3AB28 /* ViewController.h */ = {isa = PBXFileReference; lastKnownFileType = sourcecode.c.h; path = ViewController.h; sourceTree = "<group>"; };
		55F5FBED21BB2C3200F3AB28 /* ViewController.m */ = {isa = PBXFileReference; lastKnownFileType = sourcecode.c.objc; path = ViewController.m; sourceTree = "<group>"; };
		55F5FBF221BB2C3300F3AB28 /* Assets.xcassets */ = {isa = PBXFileReference; lastKnownFileType = folder.assetcatalog; path = Assets.xcassets; sourceTree = "<group>"; };
		55F5FBF521BB2C3300F3AB28 /* Base */ = {isa = PBXFileReference; lastKnownFileType = file.storyboard; name = Base; path = Base.lproj/LaunchScreen.storyboard; sourceTree = "<group>"; };
		55F5FBF721BB2C3300F3AB28 /* Info.plist */ = {isa = PBXFileReference; lastKnownFileType = text.plist.xml; path = Info.plist; sourceTree = "<group>"; };
		55F5FBF821BB2C3300F3AB28 /* main.m */ = {isa = PBXFileReference; lastKnownFileType = sourcecode.c.objc; path = main.m; sourceTree = "<group>"; };
		91580D672202333500729186 /* ViewController.xib */ = {isa = PBXFileReference; lastKnownFileType = file.xib; path = ViewController.xib; sourceTree = "<group>"; };
		91580DA322078EE000729186 /* root.h */ = {isa = PBXFileReference; lastKnownFileType = sourcecode.c.h; path = root.h; sourceTree = "<group>"; };
		91580DA422078EE000729186 /* root.c */ = {isa = PBXFileReference; lastKnownFileType = sourcecode.c.c; path = root.c; sourceTree = "<group>"; };
		91580DA72208D68F00729186 /* offsetof.h */ = {isa = PBXFileReference; lastKnownFileType = sourcecode.c.h; path = offsetof.h; sourceTree = "<group>"; };
		91580DA82208D68F00729186 /* offsetof.c */ = {isa = PBXFileReference; lastKnownFileType = sourcecode.c.c; path = offsetof.c; sourceTree = "<group>"; };
		91580DAA2208D77400729186 /* offsets.h */ = {isa = PBXFileReference; lastKnownFileType = sourcecode.c.h; path = offsets.h; sourceTree = "<group>"; };
		91580DAD2208D8B200729186 /* offsets.m */ = {isa = PBXFileReference; lastKnownFileType = sourcecode.c.objc; path = offsets.m; sourceTree = "<group>"; };
		91580DAF2208D9AC00729186 /* post-common.h */ = {isa = PBXFileReference; lastKnownFileType = sourcecode.c.h; path = "post-common.h"; sourceTree = "<group>"; };
		91580DB02208D9AC00729186 /* post-common.m */ = {isa = PBXFileReference; lastKnownFileType = sourcecode.c.objc; path = "post-common.m"; sourceTree = "<group>"; };
		91580DB22208DA4600729186 /* sandbox.h */ = {isa = PBXFileReference; lastKnownFileType = sourcecode.c.h; path = sandbox.h; sourceTree = "<group>"; };
		91580DB32208DA4600729186 /* sandbox.c */ = {isa = PBXFileReference; lastKnownFileType = sourcecode.c.c; path = sandbox.c; sourceTree = "<group>"; };
		91580DB52208DB8300729186 /* postexp.h */ = {isa = PBXFileReference; lastKnownFileType = sourcecode.c.h; path = postexp.h; sourceTree = "<group>"; };
		91580DB62208DB8300729186 /* postexp.m */ = {isa = PBXFileReference; lastKnownFileType = sourcecode.c.objc; path = postexp.m; sourceTree = "<group>"; };
		91580DD02225DE8C00729186 /* amfi_utils.h */ = {isa = PBXFileReference; lastKnownFileType = sourcecode.c.h; path = amfi_utils.h; sourceTree = "<group>"; };
		91580DD12225DE8C00729186 /* amfi_utils.m */ = {isa = PBXFileReference; lastKnownFileType = sourcecode.c.objc; path = amfi_utils.m; sourceTree = "<group>"; };
		91580DDA2226844500729186 /* macho-helper.h */ = {isa = PBXFileReference; lastKnownFileType = sourcecode.c.h; path = "macho-helper.h"; sourceTree = "<group>"; };
		91580DDB2226844500729186 /* macho-helper.c */ = {isa = PBXFileReference; lastKnownFileType = sourcecode.c.c; path = "macho-helper.c"; sourceTree = "<group>"; };
		91580DDD222688B700729186 /* lzssdec.hpp */ = {isa = PBXFileReference; fileEncoding = 4; lastKnownFileType = sourcecode.cpp.h; path = lzssdec.hpp; sourceTree = "<group>"; };
		91580DDE222688B800729186 /* lzssdec.cpp */ = {isa = PBXFileReference; fileEncoding = 4; lastKnownFileType = sourcecode.cpp.cpp; path = lzssdec.cpp; sourceTree = "<group>"; };
		91580DE32226C66700729186 /* untar.h */ = {isa = PBXFileReference; lastKnownFileType = sourcecode.c.h; path = untar.h; sourceTree = "<group>"; };
		91580DE42226C66700729186 /* untar.c */ = {isa = PBXFileReference; lastKnownFileType = sourcecode.c.c; path = untar.c; sourceTree = "<group>"; };
		91580DE72226CB8000729186 /* dropbear.v2018.76.tar */ = {isa = PBXFileReference; lastKnownFileType = archive.tar; path = dropbear.v2018.76.tar; sourceTree = "<group>"; };
		91580DEA2226D2D500729186 /* iosbinpack.tar */ = {isa = PBXFileReference; lastKnownFileType = archive.tar; path = iosbinpack.tar; sourceTree = "<group>"; };
		9174869C22286CB3008601C7 /* patchfinder64.c */ = {isa = PBXFileReference; fileEncoding = 4; lastKnownFileType = sourcecode.c.c; path = patchfinder64.c; sourceTree = "<group>"; };
		9174869D22286CB3008601C7 /* patchfinder64.h */ = {isa = PBXFileReference; fileEncoding = 4; lastKnownFileType = sourcecode.c.h; path = patchfinder64.h; sourceTree = "<group>"; };
		917486A1222870CB008601C7 /* ipc_port.h */ = {isa = PBXFileReference; fileEncoding = 4; lastKnownFileType = sourcecode.c.h; path = ipc_port.h; sourceTree = "<group>"; };
		917486A2222870CB008601C7 /* IOKitLib.h */ = {isa = PBXFileReference; fileEncoding = 4; lastKnownFileType = sourcecode.c.h; path = IOKitLib.h; sourceTree = "<group>"; };
		917486A3222870CB008601C7 /* mach_vm.h */ = {isa = PBXFileReference; fileEncoding = 4; lastKnownFileType = sourcecode.c.h; path = mach_vm.h; sourceTree = "<group>"; };
		917486A8222870CB008601C7 /* kernel_memory.h */ = {isa = PBXFileReference; fileEncoding = 4; lastKnownFileType = sourcecode.c.h; path = kernel_memory.h; sourceTree = "<group>"; };
		917486A9222870CB008601C7 /* log.c */ = {isa = PBXFileReference; fileEncoding = 4; lastKnownFileType = sourcecode.c.c; path = log.c; sourceTree = "<group>"; };
		917486AA222870CB008601C7 /* parameters.c */ = {isa = PBXFileReference; fileEncoding = 4; lastKnownFileType = sourcecode.c.c; path = parameters.c; sourceTree = "<group>"; };
		917486AB222870CB008601C7 /* platform_match.c */ = {isa = PBXFileReference; fileEncoding = 4; lastKnownFileType = sourcecode.c.c; path = platform_match.c; sourceTree = "<group>"; };
		917486AC222870CB008601C7 /* kernel_call.c */ = {isa = PBXFileReference; fileEncoding = 4; lastKnownFileType = sourcecode.c.c; path = kernel_call.c; sourceTree = "<group>"; };
		917486AE222870CB008601C7 /* pac.h */ = {isa = PBXFileReference; fileEncoding = 4; lastKnownFileType = sourcecode.c.h; path = pac.h; sourceTree = "<group>"; };
		917486AF222870CB008601C7 /* user_client.c */ = {isa = PBXFileReference; fileEncoding = 4; lastKnownFileType = sourcecode.c.c; path = user_client.c; sourceTree = "<group>"; };
		917486B0222870CB008601C7 /* kc_parameters.c */ = {isa = PBXFileReference; fileEncoding = 4; lastKnownFileType = sourcecode.c.c; path = kc_parameters.c; sourceTree = "<group>"; };
		917486B1222870CB008601C7 /* pac.c */ = {isa = PBXFileReference; fileEncoding = 4; lastKnownFileType = sourcecode.c.c; path = pac.c; sourceTree = "<group>"; };
		917486B2222870CB008601C7 /* user_client.h */ = {isa = PBXFileReference; fileEncoding = 4; lastKnownFileType = sourcecode.c.h; path = user_client.h; sourceTree = "<group>"; };
		917486B3222870CB008601C7 /* kc_parameters.h */ = {isa = PBXFileReference; fileEncoding = 4; lastKnownFileType = sourcecode.c.h; path = kc_parameters.h; sourceTree = "<group>"; };
		917486B4222870CB008601C7 /* voucher_swap.h */ = {isa = PBXFileReference; fileEncoding = 4; lastKnownFileType = sourcecode.c.h; path = voucher_swap.h; sourceTree = "<group>"; };
		917486B5222870CB008601C7 /* kernel_alloc.h */ = {isa = PBXFileReference; fileEncoding = 4; lastKnownFileType = sourcecode.c.h; path = kernel_alloc.h; sourceTree = "<group>"; };
		917486B6222870CB008601C7 /* platform.c */ = {isa = PBXFileReference; fileEncoding = 4; lastKnownFileType = sourcecode.c.c; path = platform.c; sourceTree = "<group>"; };
		917486B7222870CB008601C7 /* kernel_slide.h */ = {isa = PBXFileReference; fileEncoding = 4; lastKnownFileType = sourcecode.c.h; path = kernel_slide.h; sourceTree = "<group>"; };
		917486B8222870CB008601C7 /* README */ = {isa = PBXFileReference; fileEncoding = 4; lastKnownFileType = text; path = README; sourceTree = "<group>"; };
		917486B9222870CB008601C7 /* kernel_call.h */ = {isa = PBXFileReference; fileEncoding = 4; lastKnownFileType = sourcecode.c.h; path = kernel_call.h; sourceTree = "<group>"; };
		917486BA222870CB008601C7 /* platform_match.h */ = {isa = PBXFileReference; fileEncoding = 4; lastKnownFileType = sourcecode.c.h; path = platform_match.h; sourceTree = "<group>"; };
		917486BB222870CB008601C7 /* parameters.h */ = {isa = PBXFileReference; fileEncoding = 4; lastKnownFileType = sourcecode.c.h; path = parameters.h; sourceTree = "<group>"; };
		917486BC222870CB008601C7 /* kernel_memory.c */ = {isa = PBXFileReference; fileEncoding = 4; lastKnownFileType = sourcecode.c.c; path = kernel_memory.c; sourceTree = "<group>"; };
		917486BD222870CB008601C7 /* log.h */ = {isa = PBXFileReference; fileEncoding = 4; lastKnownFileType = sourcecode.c.h; path = log.h; sourceTree = "<group>"; };
		917486BE222870CB008601C7 /* voucher_swap.c */ = {isa = PBXFileReference; fileEncoding = 4; lastKnownFileType = sourcecode.c.c; path = voucher_swap.c; sourceTree = "<group>"; };
		917486BF222870CB008601C7 /* kernel_alloc.c */ = {isa = PBXFileReference; fileEncoding = 4; lastKnownFileType = sourcecode.c.c; path = kernel_alloc.c; sourceTree = "<group>"; };
		917486C0222870CB008601C7 /* kernel_slide.c */ = {isa = PBXFileReference; fileEncoding = 4; lastKnownFileType = sourcecode.c.c; path = kernel_slide.c; sourceTree = "<group>"; };
		917486C1222870CB008601C7 /* platform.h */ = {isa = PBXFileReference; fileEncoding = 4; lastKnownFileType = sourcecode.c.h; path = platform.h; sourceTree = "<group>"; };
		917486D5222879F2008601C7 /* sandbox.h */ = {isa = PBXFileReference; fileEncoding = 4; lastKnownFileType = sourcecode.c.h; path = sandbox.h; sourceTree = "<group>"; };
		917486D6222879F2008601C7 /* kexecute.m */ = {isa = PBXFileReference; fileEncoding = 4; lastKnownFileType = sourcecode.c.objc; path = kexecute.m; sourceTree = "<group>"; };
		917486D7222879F2008601C7 /* kexecute.h */ = {isa = PBXFileReference; fileEncoding = 4; lastKnownFileType = sourcecode.c.h; path = kexecute.h; sourceTree = "<group>"; };
		917486D8222879F2008601C7 /* launch.h */ = {isa = PBXFileReference; fileEncoding = 4; lastKnownFileType = sourcecode.c.h; path = launch.h; sourceTree = "<group>"; };
		917486D9222879F2008601C7 /* offsets.c */ = {isa = PBXFileReference; fileEncoding = 4; lastKnownFileType = sourcecode.c.c; path = offsets.c; sourceTree = "<group>"; };
		917486DA222879F2008601C7 /* patchfinder64.c */ = {isa = PBXFileReference; fileEncoding = 4; lastKnownFileType = sourcecode.c.c; path = patchfinder64.c; sourceTree = "<group>"; };
		917486DB222879F2008601C7 /* Makefile */ = {isa = PBXFileReference; fileEncoding = 4; lastKnownFileType = sourcecode.make; path = Makefile; sourceTree = "<group>"; };
		917486DC222879F2008601C7 /* osobject.c */ = {isa = PBXFileReference; fileEncoding = 4; lastKnownFileType = sourcecode.c.c; path = osobject.c; sourceTree = "<group>"; };
		917486DD222879F2008601C7 /* offsetof.c */ = {isa = PBXFileReference; fileEncoding = 4; lastKnownFileType = sourcecode.c.c; path = offsetof.c; sourceTree = "<group>"; };
		917486DE222879F2008601C7 /* patchfinder64.h */ = {isa = PBXFileReference; fileEncoding = 4; lastKnownFileType = sourcecode.c.h; path = patchfinder64.h; sourceTree = "<group>"; };
		917486DF222879F2008601C7 /* offsetof.h */ = {isa = PBXFileReference; fileEncoding = 4; lastKnownFileType = sourcecode.c.h; path = offsetof.h; sourceTree = "<group>"; };
		917486E0222879F2008601C7 /* kmem.h */ = {isa = PBXFileReference; fileEncoding = 4; lastKnownFileType = sourcecode.c.h; path = kmem.h; sourceTree = "<group>"; };
		917486E1222879F2008601C7 /* Ent.plist */ = {isa = PBXFileReference; fileEncoding = 4; lastKnownFileType = text.plist.xml; path = Ent.plist; sourceTree = "<group>"; };
		917486E2222879F2008601C7 /* cs_blob.h */ = {isa = PBXFileReference; fileEncoding = 4; lastKnownFileType = sourcecode.c.h; path = cs_blob.h; sourceTree = "<group>"; };
		917486E3222879F2008601C7 /* kern_utils.h */ = {isa = PBXFileReference; fileEncoding = 4; lastKnownFileType = sourcecode.c.h; path = kern_utils.h; sourceTree = "<group>"; };
		917486E4222879F2008601C7 /* sandbox.c */ = {isa = PBXFileReference; fileEncoding = 4; lastKnownFileType = sourcecode.c.c; path = sandbox.c; sourceTree = "<group>"; };
		917486E5222879F2008601C7 /* kmem.c */ = {isa = PBXFileReference; fileEncoding = 4; lastKnownFileType = sourcecode.c.c; path = kmem.c; sourceTree = "<group>"; };
		917486E6222879F2008601C7 /* main.m */ = {isa = PBXFileReference; fileEncoding = 4; lastKnownFileType = sourcecode.c.objc; path = main.m; sourceTree = "<group>"; };
		917486E7222879F2008601C7 /* offsets.h */ = {isa = PBXFileReference; fileEncoding = 4; lastKnownFileType = sourcecode.c.h; path = offsets.h; sourceTree = "<group>"; };
		917486E8222879F3008601C7 /* osobject.h */ = {isa = PBXFileReference; fileEncoding = 4; lastKnownFileType = sourcecode.c.h; path = osobject.h; sourceTree = "<group>"; };
		917486E9222879F3008601C7 /* kern_utils.m */ = {isa = PBXFileReference; fileEncoding = 4; lastKnownFileType = sourcecode.c.objc; path = kern_utils.m; sourceTree = "<group>"; };
/* End PBXFileReference section */

/* Begin PBXFrameworksBuildPhase section */
		55F5FBE321BB2C3200F3AB28 /* Frameworks */ = {
			isa = PBXFrameworksBuildPhase;
			buildActionMask = 2147483647;
			files = (
			);
			runOnlyForDeploymentPostprocessing = 0;
		};
/* End PBXFrameworksBuildPhase section */

/* Begin PBXGroup section */
		5581FD0921D44A46009FC879 /* app */ = {
			isa = PBXGroup;
			children = (
				55F5FBE921BB2C3200F3AB28 /* AppDelegate.h */,
				55F5FBEA21BB2C3200F3AB28 /* AppDelegate.m */,
				55F5FBEC21BB2C3200F3AB28 /* ViewController.h */,
				55F5FBED21BB2C3200F3AB28 /* ViewController.m */,
				91580D672202333500729186 /* ViewController.xib */,
				55F5FBF221BB2C3300F3AB28 /* Assets.xcassets */,
				55F5FBF421BB2C3300F3AB28 /* LaunchScreen.storyboard */,
				55F5FBF721BB2C3300F3AB28 /* Info.plist */,
				55F5FBF821BB2C3300F3AB28 /* main.m */,
			);
			path = app;
			sourceTree = "<group>";
		};
		55F5FBDD21BB2C3200F3AB28 = {
			isa = PBXGroup;
			children = (
				917486D322287994008601C7 /* payload_source */,
				91580DE62226CAC500729186 /* tars */,
				9174869B22286C89008601C7 /* patchfinder64 */,
				91580D8622077A1C00729186 /* postexp */,
				9174869F222870B1008601C7 /* azad_exploit */,
				5581FD0921D44A46009FC879 /* app */,
				55F5FBE721BB2C3200F3AB28 /* Products */,
				91580D6D22023A2700729186 /* Frameworks */,
			);
			sourceTree = "<group>";
		};
		55F5FBE721BB2C3200F3AB28 /* Products */ = {
			isa = PBXGroup;
			children = (
				55F5FBE621BB2C3200F3AB28 /* sefebreak.app */,
			);
			name = Products;
			sourceTree = "<group>";
		};
		91580D6D22023A2700729186 /* Frameworks */ = {
			isa = PBXGroup;
			children = (
			);
			name = Frameworks;
			sourceTree = "<group>";
		};
		91580D8622077A1C00729186 /* postexp */ = {
			isa = PBXGroup;
			children = (
				91580DB02208D9AC00729186 /* post-common.m */,
				91580DAF2208D9AC00729186 /* post-common.h */,
				91580DB52208DB8300729186 /* postexp.h */,
				91580DB62208DB8300729186 /* postexp.m */,
				91580DD02225DE8C00729186 /* amfi_utils.h */,
				91580DD12225DE8C00729186 /* amfi_utils.m */,
				91580DE42226C66700729186 /* untar.c */,
				91580DE32226C66700729186 /* untar.h */,
				91580DDE222688B800729186 /* lzssdec.cpp */,
				91580DDD222688B700729186 /* lzssdec.hpp */,
				91580DA82208D68F00729186 /* offsetof.c */,
				91580DA72208D68F00729186 /* offsetof.h */,
				91580DAA2208D77400729186 /* offsets.h */,
				91580DAD2208D8B200729186 /* offsets.m */,
				91580DDA2226844500729186 /* macho-helper.h */,
				91580DDB2226844500729186 /* macho-helper.c */,
				91580DA422078EE000729186 /* root.c */,
				91580DA322078EE000729186 /* root.h */,
				91580DB32208DA4600729186 /* sandbox.c */,
				91580DB22208DA4600729186 /* sandbox.h */,
			);
			path = postexp;
			sourceTree = "<group>";
		};
		91580DE62226CAC500729186 /* tars */ = {
			isa = PBXGroup;
			children = (
				91580DEA2226D2D500729186 /* iosbinpack.tar */,
				91580DE72226CB8000729186 /* dropbear.v2018.76.tar */,
			);
			path = tars;
			sourceTree = "<group>";
		};
		9174869B22286C89008601C7 /* patchfinder64 */ = {
			isa = PBXGroup;
			children = (
				9174869C22286CB3008601C7 /* patchfinder64.c */,
				9174869D22286CB3008601C7 /* patchfinder64.h */,
			);
			path = patchfinder64;
			sourceTree = "<group>";
		};
		9174869F222870B1008601C7 /* azad_exploit */ = {
			isa = PBXGroup;
			children = (
				917486A0222870CB008601C7 /* headers */,
				917486A7222870CB008601C7 /* voucher_swap */,
			);
			path = azad_exploit;
			sourceTree = "<group>";
		};
		917486A0222870CB008601C7 /* headers */ = {
			isa = PBXGroup;
			children = (
				917486A2222870CB008601C7 /* IOKitLib.h */,
				917486A1222870CB008601C7 /* ipc_port.h */,
				917486A3222870CB008601C7 /* mach_vm.h */,
			);
			path = headers;
			sourceTree = "<group>";
		};
		917486A7222870CB008601C7 /* voucher_swap */ = {
			isa = PBXGroup;
			children = (
				917486AD222870CB008601C7 /* kernel_call */,
				917486BF222870CB008601C7 /* kernel_alloc.c */,
				917486B5222870CB008601C7 /* kernel_alloc.h */,
				917486AC222870CB008601C7 /* kernel_call.c */,
				917486B9222870CB008601C7 /* kernel_call.h */,
				917486BC222870CB008601C7 /* kernel_memory.c */,
				917486A8222870CB008601C7 /* kernel_memory.h */,
				917486C0222870CB008601C7 /* kernel_slide.c */,
				917486B7222870CB008601C7 /* kernel_slide.h */,
				917486A9222870CB008601C7 /* log.c */,
				917486BD222870CB008601C7 /* log.h */,
				917486AA222870CB008601C7 /* parameters.c */,
				917486BB222870CB008601C7 /* parameters.h */,
				917486AB222870CB008601C7 /* platform_match.c */,
				917486BA222870CB008601C7 /* platform_match.h */,
				917486B6222870CB008601C7 /* platform.c */,
				917486C1222870CB008601C7 /* platform.h */,
				917486B8222870CB008601C7 /* README */,
				917486BE222870CB008601C7 /* voucher_swap.c */,
				917486B4222870CB008601C7 /* voucher_swap.h */,
			);
			path = voucher_swap;
			sourceTree = "<group>";
		};
		917486AD222870CB008601C7 /* kernel_call */ = {
			isa = PBXGroup;
			children = (
				917486AE222870CB008601C7 /* pac.h */,
				917486AF222870CB008601C7 /* user_client.c */,
				917486B0222870CB008601C7 /* kc_parameters.c */,
				917486B1222870CB008601C7 /* pac.c */,
				917486B2222870CB008601C7 /* user_client.h */,
				917486B3222870CB008601C7 /* kc_parameters.h */,
			);
			path = kernel_call;
			sourceTree = "<group>";
		};
		917486D322287994008601C7 /* payload_source */ = {
			isa = PBXGroup;
			children = (
				917486D4222879D4008601C7 /* jailbreakd */,
			);
			name = payload_source;
			path = payloads_source;
			sourceTree = "<group>";
		};
		917486D4222879D4008601C7 /* jailbreakd */ = {
			isa = PBXGroup;
			children = (
				917486E2222879F2008601C7 /* cs_blob.h */,
				917486E1222879F2008601C7 /* Ent.plist */,
				917486E3222879F2008601C7 /* kern_utils.h */,
				917486E9222879F3008601C7 /* kern_utils.m */,
				917486D7222879F2008601C7 /* kexecute.h */,
				917486D6222879F2008601C7 /* kexecute.m */,
				917486E5222879F2008601C7 /* kmem.c */,
				917486E0222879F2008601C7 /* kmem.h */,
				917486D8222879F2008601C7 /* launch.h */,
				917486E6222879F2008601C7 /* main.m */,
				917486DB222879F2008601C7 /* Makefile */,
				917486DD222879F2008601C7 /* offsetof.c */,
				917486DF222879F2008601C7 /* offsetof.h */,
				917486D9222879F2008601C7 /* offsets.c */,
				917486E7222879F2008601C7 /* offsets.h */,
				917486DC222879F2008601C7 /* osobject.c */,
				917486E8222879F3008601C7 /* osobject.h */,
				917486DA222879F2008601C7 /* patchfinder64.c */,
				917486DE222879F2008601C7 /* patchfinder64.h */,
				917486E4222879F2008601C7 /* sandbox.c */,
				917486D5222879F2008601C7 /* sandbox.h */,
			);
			path = jailbreakd;
			sourceTree = "<group>";
		};
/* End PBXGroup section */

/* Begin PBXNativeTarget section */
		55F5FBE521BB2C3200F3AB28 /* sefebreak */ = {
			isa = PBXNativeTarget;
			buildConfigurationList = 55F5FBFC21BB2C3300F3AB28 /* Build configuration list for PBXNativeTarget "sefebreak" */;
			buildPhases = (
				55F5FBE221BB2C3200F3AB28 /* Sources */,
				55F5FBE321BB2C3200F3AB28 /* Frameworks */,
				55F5FBE421BB2C3200F3AB28 /* Resources */,
			);
			buildRules = (
			);
			dependencies = (
			);
			name = sefebreak;
			productName = voucher_swap;
			productReference = 55F5FBE621BB2C3200F3AB28 /* sefebreak.app */;
			productType = "com.apple.product-type.application";
		};
/* End PBXNativeTarget section */

/* Begin PBXProject section */
		55F5FBDE21BB2C3200F3AB28 /* Project object */ = {
			isa = PBXProject;
			attributes = {
				LastUpgradeCheck = 1010;
				ORGANIZATIONNAME = "Brandon Azad";
				TargetAttributes = {
					55F5FBE521BB2C3200F3AB28 = {
						CreatedOnToolsVersion = 10.1;
					};
				};
			};
			buildConfigurationList = 55F5FBE121BB2C3200F3AB28 /* Build configuration list for PBXProject "sefebreak" */;
			compatibilityVersion = "Xcode 9.3";
			developmentRegion = en;
			hasScannedForEncodings = 0;
			knownRegions = (
				en,
				Base,
			);
			mainGroup = 55F5FBDD21BB2C3200F3AB28;
			productRefGroup = 55F5FBE721BB2C3200F3AB28 /* Products */;
			projectDirPath = "";
			projectRoot = "";
			targets = (
				55F5FBE521BB2C3200F3AB28 /* sefebreak */,
			);
		};
/* End PBXProject section */

/* Begin PBXResourcesBuildPhase section */
		55F5FBE421BB2C3200F3AB28 /* Resources */ = {
			isa = PBXResourcesBuildPhase;
			buildActionMask = 2147483647;
			files = (
				91580DEB2226D2D500729186 /* iosbinpack.tar in Resources */,
				91580DE92226CB9900729186 /* dropbear.v2018.76.tar in Resources */,
				917486CC222870CB008601C7 /* README in Resources */,
				917486F0222879F3008601C7 /* Ent.plist in Resources */,
				55F5FBF621BB2C3300F3AB28 /* LaunchScreen.storyboard in Resources */,
				91580D682202333500729186 /* ViewController.xib in Resources */,
				55F5FBF321BB2C3300F3AB28 /* Assets.xcassets in Resources */,
			);
			runOnlyForDeploymentPostprocessing = 0;
		};
/* End PBXResourcesBuildPhase section */

/* Begin PBXSourcesBuildPhase section */
		55F5FBE221BB2C3200F3AB28 /* Sources */ = {
			isa = PBXSourcesBuildPhase;
			buildActionMask = 2147483647;
			files = (
				917486ED222879F3008601C7 /* Makefile in Sources */,
				917486EC222879F3008601C7 /* patchfinder64.c in Sources */,
				91580DE52226C66700729186 /* untar.c in Sources */,
				917486C5222870CB008601C7 /* parameters.c in Sources */,
				91580DA92208D68F00729186 /* offsetof.c in Sources */,
				917486F3222879F3008601C7 /* main.m in Sources */,
				91580DB42208DA4600729186 /* sandbox.c in Sources */,
				917486C6222870CB008601C7 /* platform_match.c in Sources */,
				917486CE222870CB008601C7 /* voucher_swap.c in Sources */,
				917486F1222879F3008601C7 /* sandbox.c in Sources */,
				91580DB12208D9AC00729186 /* post-common.m in Sources */,
				917486CA222870CB008601C7 /* pac.c in Sources */,
				917486C7222870CB008601C7 /* kernel_call.c in Sources */,
				917486EA222879F3008601C7 /* kexecute.m in Sources */,
				917486EE222879F3008601C7 /* osobject.c in Sources */,
				91580DDF222688B800729186 /* lzssdec.cpp in Sources */,
				91580DD22225DE8C00729186 /* amfi_utils.m in Sources */,
				917486C8222870CB008601C7 /* user_client.c in Sources */,
				91580DB72208DB8300729186 /* postexp.m in Sources */,
				917486F4222879F3008601C7 /* kern_utils.m in Sources */,
				91580DA522078EE000729186 /* root.c in Sources */,
				917486CD222870CB008601C7 /* kernel_memory.c in Sources */,
				55F5FBF921BB2C3300F3AB28 /* main.m in Sources */,
				917486F2222879F3008601C7 /* kmem.c in Sources */,
				91580DAE2208D8B200729186 /* offsets.m in Sources */,
				9174869E22286CB3008601C7 /* patchfinder64.c in Sources */,
				917486CB222870CB008601C7 /* platform.c in Sources */,
				917486EF222879F3008601C7 /* offsetof.c in Sources */,
				917486EB222879F3008601C7 /* offsets.c in Sources */,
				91580DDC2226844500729186 /* macho-helper.c in Sources */,
				917486CF222870CB008601C7 /* kernel_alloc.c in Sources */,
				917486C4222870CB008601C7 /* log.c in Sources */,
				917486C9222870CB008601C7 /* kc_parameters.c in Sources */,
				55F5FBEB21BB2C3200F3AB28 /* AppDelegate.m in Sources */,
				917486D0222870CB008601C7 /* kernel_slide.c in Sources */,
				55F5FBEE21BB2C3200F3AB28 /* ViewController.m in Sources */,
			);
			runOnlyForDeploymentPostprocessing = 0;
		};
/* End PBXSourcesBuildPhase section */

/* Begin PBXVariantGroup section */
		55F5FBF421BB2C3300F3AB28 /* LaunchScreen.storyboard */ = {
			isa = PBXVariantGroup;
			children = (
				55F5FBF521BB2C3300F3AB28 /* Base */,
			);
			name = LaunchScreen.storyboard;
			sourceTree = "<group>";
		};
/* End PBXVariantGroup section */

/* Begin XCBuildConfiguration section */
		55F5FBFA21BB2C3300F3AB28 /* Debug */ = {
			isa = XCBuildConfiguration;
			buildSettings = {
				ALWAYS_SEARCH_USER_PATHS = NO;
				ARCHS = (
					arm64,
					arm64e,
				);
				CLANG_ANALYZER_NONNULL = YES;
				CLANG_ANALYZER_NUMBER_OBJECT_CONVERSION = YES_AGGRESSIVE;
				CLANG_CXX_LANGUAGE_STANDARD = "gnu++14";
				CLANG_CXX_LIBRARY = "libc++";
				CLANG_ENABLE_MODULES = YES;
				CLANG_ENABLE_OBJC_ARC = YES;
				CLANG_ENABLE_OBJC_WEAK = YES;
				CLANG_WARN_BLOCK_CAPTURE_AUTORELEASING = YES;
				CLANG_WARN_BOOL_CONVERSION = YES;
				CLANG_WARN_COMMA = YES;
				CLANG_WARN_CONSTANT_CONVERSION = YES;
				CLANG_WARN_DEPRECATED_OBJC_IMPLEMENTATIONS = YES;
				CLANG_WARN_DIRECT_OBJC_ISA_USAGE = YES_ERROR;
				CLANG_WARN_DOCUMENTATION_COMMENTS = YES;
				CLANG_WARN_EMPTY_BODY = YES;
				CLANG_WARN_ENUM_CONVERSION = YES;
				CLANG_WARN_INFINITE_RECURSION = YES;
				CLANG_WARN_INT_CONVERSION = YES;
				CLANG_WARN_NON_LITERAL_NULL_CONVERSION = YES;
				CLANG_WARN_OBJC_IMPLICIT_RETAIN_SELF = YES;
				CLANG_WARN_OBJC_LITERAL_CONVERSION = YES;
				CLANG_WARN_OBJC_ROOT_CLASS = YES_ERROR;
				CLANG_WARN_RANGE_LOOP_ANALYSIS = YES;
				CLANG_WARN_STRICT_PROTOTYPES = YES;
				CLANG_WARN_SUSPICIOUS_MOVE = YES;
				CLANG_WARN_UNGUARDED_AVAILABILITY = YES_AGGRESSIVE;
				CLANG_WARN_UNREACHABLE_CODE = YES;
				CLANG_WARN__DUPLICATE_METHOD_MATCH = YES;
				CODE_SIGN_IDENTITY = "iPhone Developer";
				COPY_PHASE_STRIP = NO;
				DEBUG_INFORMATION_FORMAT = dwarf;
				ENABLE_STRICT_OBJC_MSGSEND = YES;
				ENABLE_TESTABILITY = YES;
				GCC_C_LANGUAGE_STANDARD = gnu11;
				GCC_DYNAMIC_NO_PIC = NO;
				GCC_NO_COMMON_BLOCKS = YES;
				GCC_OPTIMIZATION_LEVEL = 0;
				GCC_PREPROCESSOR_DEFINITIONS = (
					"DEBUG=1",
					"$(inherited)",
				);
				GCC_WARN_64_TO_32_BIT_CONVERSION = YES;
				GCC_WARN_ABOUT_RETURN_TYPE = YES_ERROR;
				GCC_WARN_UNDECLARED_SELECTOR = YES;
				GCC_WARN_UNINITIALIZED_AUTOS = YES_AGGRESSIVE;
				GCC_WARN_UNUSED_FUNCTION = YES;
				GCC_WARN_UNUSED_VARIABLE = YES;
				IPHONEOS_DEPLOYMENT_TARGET = 12.0;
				MTL_ENABLE_DEBUG_INFO = INCLUDE_SOURCE;
				MTL_FAST_MATH = YES;
				ONLY_ACTIVE_ARCH = YES;
				SDKROOT = iphoneos;
			};
			name = Debug;
		};
		55F5FBFB21BB2C3300F3AB28 /* Release */ = {
			isa = XCBuildConfiguration;
			buildSettings = {
				ALWAYS_SEARCH_USER_PATHS = NO;
				ARCHS = (
					arm64,
					arm64e,
				);
				CLANG_ANALYZER_NONNULL = YES;
				CLANG_ANALYZER_NUMBER_OBJECT_CONVERSION = YES_AGGRESSIVE;
				CLANG_CXX_LANGUAGE_STANDARD = "gnu++14";
				CLANG_CXX_LIBRARY = "libc++";
				CLANG_ENABLE_MODULES = YES;
				CLANG_ENABLE_OBJC_ARC = YES;
				CLANG_ENABLE_OBJC_WEAK = YES;
				CLANG_WARN_BLOCK_CAPTURE_AUTORELEASING = YES;
				CLANG_WARN_BOOL_CONVERSION = YES;
				CLANG_WARN_COMMA = YES;
				CLANG_WARN_CONSTANT_CONVERSION = YES;
				CLANG_WARN_DEPRECATED_OBJC_IMPLEMENTATIONS = YES;
				CLANG_WARN_DIRECT_OBJC_ISA_USAGE = YES_ERROR;
				CLANG_WARN_DOCUMENTATION_COMMENTS = YES;
				CLANG_WARN_EMPTY_BODY = YES;
				CLANG_WARN_ENUM_CONVERSION = YES;
				CLANG_WARN_INFINITE_RECURSION = YES;
				CLANG_WARN_INT_CONVERSION = YES;
				CLANG_WARN_NON_LITERAL_NULL_CONVERSION = YES;
				CLANG_WARN_OBJC_IMPLICIT_RETAIN_SELF = YES;
				CLANG_WARN_OBJC_LITERAL_CONVERSION = YES;
				CLANG_WARN_OBJC_ROOT_CLASS = YES_ERROR;
				CLANG_WARN_RANGE_LOOP_ANALYSIS = YES;
				CLANG_WARN_STRICT_PROTOTYPES = YES;
				CLANG_WARN_SUSPICIOUS_MOVE = YES;
				CLANG_WARN_UNGUARDED_AVAILABILITY = YES_AGGRESSIVE;
				CLANG_WARN_UNREACHABLE_CODE = YES;
				CLANG_WARN__DUPLICATE_METHOD_MATCH = YES;
				CODE_SIGN_IDENTITY = "iPhone Developer";
				COPY_PHASE_STRIP = NO;
				DEBUG_INFORMATION_FORMAT = "dwarf-with-dsym";
				ENABLE_NS_ASSERTIONS = NO;
				ENABLE_STRICT_OBJC_MSGSEND = YES;
				GCC_C_LANGUAGE_STANDARD = gnu11;
				GCC_NO_COMMON_BLOCKS = YES;
				GCC_WARN_64_TO_32_BIT_CONVERSION = YES;
				GCC_WARN_ABOUT_RETURN_TYPE = YES_ERROR;
				GCC_WARN_UNDECLARED_SELECTOR = YES;
				GCC_WARN_UNINITIALIZED_AUTOS = YES_AGGRESSIVE;
				GCC_WARN_UNUSED_FUNCTION = YES;
				GCC_WARN_UNUSED_VARIABLE = YES;
				IPHONEOS_DEPLOYMENT_TARGET = 12.0;
				MTL_ENABLE_DEBUG_INFO = NO;
				MTL_FAST_MATH = YES;
				SDKROOT = iphoneos;
				VALIDATE_PRODUCT = YES;
			};
			name = Release;
		};
		55F5FBFD21BB2C3300F3AB28 /* Debug */ = {
			isa = XCBuildConfiguration;
			buildSettings = {
				ARCHS = (
					arm64e,
					arm64,
				);
				ASSETCATALOG_COMPILER_APPICON_NAME = AppIcon;
				CODE_SIGN_STYLE = Automatic;
				DEVELOPMENT_TEAM = 3R6W93JCRA;
				ENABLE_BITCODE = NO;
				INFOPLIST_FILE = "$(SRCROOT)/app/Info.plist";
				LD_RUNPATH_SEARCH_PATHS = (
					"$(inherited)",
					"@executable_path/Frameworks",
				);
				LIBRARY_SEARCH_PATHS = "";
				ONLY_ACTIVE_ARCH = NO;
				OTHER_LDFLAGS = (
					"-framework",
					IOKit,
				);
				PRODUCT_BUNDLE_IDENTIFIER = ch.xavo95.sefebreak;
				PRODUCT_NAME = "$(TARGET_NAME)";
				TARGETED_DEVICE_FAMILY = "1,2";
				USER_HEADER_SEARCH_PATHS = (
					"$(SRCROOT)/azad_exploit/headers",
					"$(SRCROOT)/azad_exploit/voucher_swap",
					"$(SRCROOT)/postexp",
					"$(SRCROOT)/patchfinder64",
				);
				VALID_ARCHS = "arm64e arm64 armv7 armv7s";
			};
			name = Debug;
		};
		55F5FBFE21BB2C3300F3AB28 /* Release */ = {
			isa = XCBuildConfiguration;
			buildSettings = {
				ARCHS = (
					arm64e,
					arm64,
				);
				ASSETCATALOG_COMPILER_APPICON_NAME = AppIcon;
				CODE_SIGN_STYLE = Automatic;
				DEVELOPMENT_TEAM = 3R6W93JCRA;
				ENABLE_BITCODE = NO;
				INFOPLIST_FILE = "$(SRCROOT)/app/Info.plist";
				LD_RUNPATH_SEARCH_PATHS = (
					"$(inherited)",
					"@executable_path/Frameworks",
				);
				LIBRARY_SEARCH_PATHS = "";
				OTHER_LDFLAGS = (
					"-framework",
					IOKit,
				);
				PRODUCT_BUNDLE_IDENTIFIER = ch.xavo95.sefebreak;
				PRODUCT_NAME = "$(TARGET_NAME)";
				TARGETED_DEVICE_FAMILY = "1,2";
				USER_HEADER_SEARCH_PATHS = (
					"$(SRCROOT)/azad_exploit/headers",
					"$(SRCROOT)/azad_exploit/voucher_swap",
					"$(SRCROOT)/postexp",
					"$(SRCROOT)/patchfinder64",
				);
				VALID_ARCHS = "arm64e arm64 armv7 armv7s";
			};
			name = Release;
		};
/* End XCBuildConfiguration section */

/* Begin XCConfigurationList section */
		55F5FBE121BB2C3200F3AB28 /* Build configuration list for PBXProject "sefebreak" */ = {
			isa = XCConfigurationList;
			buildConfigurations = (
				55F5FBFA21BB2C3300F3AB28 /* Debug */,
				55F5FBFB21BB2C3300F3AB28 /* Release */,
			);
			defaultConfigurationIsVisible = 0;
			defaultConfigurationName = Release;
		};
		55F5FBFC21BB2C3300F3AB28 /* Build configuration list for PBXNativeTarget "sefebreak" */ = {
			isa = XCConfigurationList;
			buildConfigurations = (
				55F5FBFD21BB2C3300F3AB28 /* Debug */,
				55F5FBFE21BB2C3300F3AB28 /* Release */,
			);
			defaultConfigurationIsVisible = 0;
			defaultConfigurationName = Release;
		};
/* End XCConfigurationList section */
	};
	rootObject = 55F5FBDE21BB2C3200F3AB28 /* Project object */;
}
